
Microsoft Visual Studio Solution File, Format Version 12.00
# Visual Studio Version 16
VisualStudioVersion = 16.0.810.14
MinimumVisualStudioVersion = 10.0.40219.1
Project("{FAE04EC0-301F-11D3-BF4B-00C04F79EFBC}") = "e-learning-api", "e-learning-api\e-learning-api.csproj", "{6CF628D6-0624-4CA4-B469-9E27AD972891}"
EndProject
Global
	GlobalSection(SolutionConfigurationPlatforms) = preSolution
		Debug|Any CPU = Debug|Any CPU
		Release|Any CPU = Release|Any CPU
	EndGlobalSection
	GlobalSection(ProjectConfigurationPlatforms) = postSolution
		{6CF628D6-0624-4CA4-B469-9E27AD972891}.Debug|Any CPU.ActiveCfg = Debug|Any CPU
		{6CF628D6-0624-4CA4-B469-9E27AD972891}.Debug|Any CPU.Build.0 = Debug|Any CPU
		{6CF628D6-0624-4CA4-B469-9E27AD972891}.Release|Any CPU.ActiveCfg = Release|Any CPU
		{6CF628D6-0624-4CA4-B469-9E27AD972891}.Release|Any CPU.Build.0 = Release|Any CPU
	EndGlobalSection
	GlobalSection(SolutionProperties) = preSolution
		HideSolutionNode = FALSE
	EndGlobalSection
	GlobalSection(ExtensibilityGlobals) = postSolution
		SolutionGuid = {3F4437D8-46B4-4F15-81D7-FEC2F4DF97DE}
	EndGlobalSection
EndGlobal
